
Microsoft Visual Studio Solution File, Format Version 12.00
# Visual Studio Version 16
VisualStudioVersion = 16.0.30225.117
MinimumVisualStudioVersion = 10.0.40219.1
Project("{FAE04EC0-301F-11D3-BF4B-00C04F79EFBC}") = "Accounting.Main.App", "Main.App\Accounting.Main.App.csproj", "{58EB2336-3A84-4CEB-BFC9-1730F3555AA6}"
EndProject
Project("{FAE04EC0-301F-11D3-BF4B-00C04F79EFBC}") = "Accounting.DataLayer", "Accounting.DataLayer\Accounting.DataLayer.csproj", "{8EC9F3A0-88F6-4F0E-8D06-A70A635F439E}"
EndProject
Project("{FAE04EC0-301F-11D3-BF4B-00C04F79EFBC}") = "Accounting.ViewModels", "Accounting.ViewModels\Accounting.ViewModels.csproj", "{C2A9FF97-717E-4CBD-9309-D43B95E533AE}"
EndProject
Project("{FAE04EC0-301F-11D3-BF4B-00C04F79EFBC}") = "Accounting.Business", "Accounting.Business\Accounting.Business.csproj", "{28B10EBF-7B9F-4EF5-B4D7-95F5C400A8E3}"
EndProject
Project("{FAE04EC0-301F-11D3-BF4B-00C04F79EFBC}") = "Accounting.Utility", "Accounting.Utility\Accounting.Utility.csproj", "{CC9ADE07-183C-4CD2-8C91-5171D990B13B}"
EndProject
Global
	GlobalSection(SolutionConfigurationPlatforms) = preSolution
		Debug|Any CPU = Debug|Any CPU
		Release|Any CPU = Release|Any CPU
	EndGlobalSection
	GlobalSection(ProjectConfigurationPlatforms) = postSolution
		{58EB2336-3A84-4CEB-BFC9-1730F3555AA6}.Debug|Any CPU.ActiveCfg = Debug|Any CPU
		{58EB2336-3A84-4CEB-BFC9-1730F3555AA6}.Debug|Any CPU.Build.0 = Debug|Any CPU
		{58EB2336-3A84-4CEB-BFC9-1730F3555AA6}.Release|Any CPU.ActiveCfg = Release|Any CPU
		{58EB2336-3A84-4CEB-BFC9-1730F3555AA6}.Release|Any CPU.Build.0 = Release|Any CPU
		{8EC9F3A0-88F6-4F0E-8D06-A70A635F439E}.Debug|Any CPU.ActiveCfg = Debug|Any CPU
		{8EC9F3A0-88F6-4F0E-8D06-A70A635F439E}.Debug|Any CPU.Build.0 = Debug|Any CPU
		{8EC9F3A0-88F6-4F0E-8D06-A70A635F439E}.Release|Any CPU.ActiveCfg = Release|Any CPU
		{8EC9F3A0-88F6-4F0E-8D06-A70A635F439E}.Release|Any CPU.Build.0 = Release|Any CPU
		{C2A9FF97-717E-4CBD-9309-D43B95E533AE}.Debug|Any CPU.ActiveCfg = Debug|Any CPU
		{C2A9FF97-717E-4CBD-9309-D43B95E533AE}.Debug|Any CPU.Build.0 = Debug|Any CPU
		{C2A9FF97-717E-4CBD-9309-D43B95E533AE}.Release|Any CPU.ActiveCfg = Release|Any CPU
		{C2A9FF97-717E-4CBD-9309-D43B95E533AE}.Release|Any CPU.Build.0 = Release|Any CPU
		{28B10EBF-7B9F-4EF5-B4D7-95F5C400A8E3}.Debug|Any CPU.ActiveCfg = Debug|Any CPU
		{28B10EBF-7B9F-4EF5-B4D7-95F5C400A8E3}.Debug|Any CPU.Build.0 = Debug|Any CPU
		{28B10EBF-7B9F-4EF5-B4D7-95F5C400A8E3}.Release|Any CPU.ActiveCfg = Release|Any CPU
		{28B10EBF-7B9F-4EF5-B4D7-95F5C400A8E3}.Release|Any CPU.Build.0 = Release|Any CPU
		{CC9ADE07-183C-4CD2-8C91-5171D990B13B}.Debug|Any CPU.ActiveCfg = Debug|Any CPU
		{CC9ADE07-183C-4CD2-8C91-5171D990B13B}.Debug|Any CPU.Build.0 = Debug|Any CPU
		{CC9ADE07-183C-4CD2-8C91-5171D990B13B}.Release|Any CPU.ActiveCfg = Release|Any CPU
		{CC9ADE07-183C-4CD2-8C91-5171D990B13B}.Release|Any CPU.Build.0 = Release|Any CPU
	EndGlobalSection
	GlobalSection(SolutionProperties) = preSolution
		HideSolutionNode = FALSE
	EndGlobalSection
	GlobalSection(ExtensibilityGlobals) = postSolution
		SolutionGuid = {A2D54CEA-46D4-4D0F-B42E-C890EEE82BC2}
	EndGlobalSection
EndGlobal
